
Microsoft Visual Studio Solution File, Format Version 12.00
# Visual Studio Version 17
VisualStudioVersion = 17.0.31710.8
MinimumVisualStudioVersion = 10.0.40219.1
Project("{9A19103F-16F7-4668-BE54-9A1E7A4F7556}") = "Auth.Models", "Auth.Models\Auth.Models.csproj", "{C64C47D1-E2DE-4637-9D24-93652262E898}"
EndProject
Project("{9A19103F-16F7-4668-BE54-9A1E7A4F7556}") = "Auth.IServices", "Auth.IServices\Auth.IServices.csproj", "{4E2F4C5C-5E82-44F9-9E0B-AB5AED68F634}"
EndProject
Project("{9A19103F-16F7-4668-BE54-9A1E7A4F7556}") = "Auth.Services", "Auth.Services\Auth.Services.csproj", "{06DAE7B6-44D8-4F6E-B6D6-11A14A6F9FA4}"
EndProject
Project("{9A19103F-16F7-4668-BE54-9A1E7A4F7556}") = "CookieAuth", "CookieAuth\CookieAuth.csproj", "{075A98CD-65A5-436C-81F9-C1AF29E5702A}"
EndProject
Project("{FAE04EC0-301F-11D3-BF4B-00C04F79EFBC}") = "JwtBearerAuth", "JwtBearerAuth\JwtBearerAuth.csproj", "{1617CE8F-4558-447E-9A21-AEC61A58435F}"
EndProject
Global
	GlobalSection(SolutionConfigurationPlatforms) = preSolution
		Debug|Any CPU = Debug|Any CPU
		Release|Any CPU = Release|Any CPU
	EndGlobalSection
	GlobalSection(ProjectConfigurationPlatforms) = postSolution
		{C64C47D1-E2DE-4637-9D24-93652262E898}.Debug|Any CPU.ActiveCfg = Debug|Any CPU
		{C64C47D1-E2DE-4637-9D24-93652262E898}.Debug|Any CPU.Build.0 = Debug|Any CPU
		{C64C47D1-E2DE-4637-9D24-93652262E898}.Release|Any CPU.ActiveCfg = Release|Any CPU
		{C64C47D1-E2DE-4637-9D24-93652262E898}.Release|Any CPU.Build.0 = Release|Any CPU
		{4E2F4C5C-5E82-44F9-9E0B-AB5AED68F634}.Debug|Any CPU.ActiveCfg = Debug|Any CPU
		{4E2F4C5C-5E82-44F9-9E0B-AB5AED68F634}.Debug|Any CPU.Build.0 = Debug|Any CPU
		{4E2F4C5C-5E82-44F9-9E0B-AB5AED68F634}.Release|Any CPU.ActiveCfg = Release|Any CPU
		{4E2F4C5C-5E82-44F9-9E0B-AB5AED68F634}.Release|Any CPU.Build.0 = Release|Any CPU
		{06DAE7B6-44D8-4F6E-B6D6-11A14A6F9FA4}.Debug|Any CPU.ActiveCfg = Debug|Any CPU
		{06DAE7B6-44D8-4F6E-B6D6-11A14A6F9FA4}.Debug|Any CPU.Build.0 = Debug|Any CPU
		{06DAE7B6-44D8-4F6E-B6D6-11A14A6F9FA4}.Release|Any CPU.ActiveCfg = Release|Any CPU
		{06DAE7B6-44D8-4F6E-B6D6-11A14A6F9FA4}.Release|Any CPU.Build.0 = Release|Any CPU
		{075A98CD-65A5-436C-81F9-C1AF29E5702A}.Debug|Any CPU.ActiveCfg = Debug|Any CPU
		{075A98CD-65A5-436C-81F9-C1AF29E5702A}.Debug|Any CPU.Build.0 = Debug|Any CPU
		{075A98CD-65A5-436C-81F9-C1AF29E5702A}.Release|Any CPU.ActiveCfg = Release|Any CPU
		{075A98CD-65A5-436C-81F9-C1AF29E5702A}.Release|Any CPU.Build.0 = Release|Any CPU
		{1617CE8F-4558-447E-9A21-AEC61A58435F}.Debug|Any CPU.ActiveCfg = Debug|Any CPU
		{1617CE8F-4558-447E-9A21-AEC61A58435F}.Debug|Any CPU.Build.0 = Debug|Any CPU
		{1617CE8F-4558-447E-9A21-AEC61A58435F}.Release|Any CPU.ActiveCfg = Release|Any CPU
		{1617CE8F-4558-447E-9A21-AEC61A58435F}.Release|Any CPU.Build.0 = Release|Any CPU
	EndGlobalSection
	GlobalSection(SolutionProperties) = preSolution
		HideSolutionNode = FALSE
	EndGlobalSection
	GlobalSection(ExtensibilityGlobals) = postSolution
		SolutionGuid = {4CA9A13F-B4E9-4A34-ACE3-9A71C78E022F}
	EndGlobalSection
EndGlobal
